# This file is automatically @generated by Cargo.
# It is not intended for manual editing.
version = 4

[[package]]
name = "ai"
version = "0.1.0"

[[package]]
name = "assets"
version = "0.1.0"

[[package]]
name = "ecs"
version = "0.1.0"

[[package]]
name = "engine_core"
version = "0.1.0"

[[package]]
name = "gpu"
version = "0.1.0"

[[package]]
name = "input"
version = "0.1.0"

[[package]]
name = "physics"
version = "0.1.0"

[[package]]
name = "renderer"
version = "0.1.0"

[[package]]
name = "scheduler"
version = "0.1.0"
